{
  "name": "play-with-javascript",
  "version": "1.0.0",
  "lockfileVersion": 2,
  "requires": true,
  "packages": {
    "": {
      "name": "play-with-javascript",
      "version": "1.0.0",
      "license": "ISC",
      "dependencies": {
        "sapient-feb-greet": "^2.0.0"
      }
    },
    "node_modules/sapient-feb-greet": {
      "version": "2.0.0",
      "resolved": "https://registry.npmjs.org/sapient-feb-greet/-/sapient-feb-greet-2.0.0.tgz",
      "integrity": "sha512-JJZBg6EmBZ/gWuAgEyV8sIF733qd0aJ7vI5GjpCNVCtb5lpAn87Lc3zEslgIogN7BwN/+UxJJL2+BNckukIXaw=="
    }
  },
  "dependencies": {
    "sapient-feb-greet": {
      "version": "2.0.0",
      "resolved": "https://registry.npmjs.org/sapient-feb-greet/-/sapient-feb-greet-2.0.0.tgz",
      "integrity": "sha512-JJZBg6EmBZ/gWuAgEyV8sIF733qd0aJ7vI5GjpCNVCtb5lpAn87Lc3zEslgIogN7BwN/+UxJJL2+BNckukIXaw=="
    }
  }
}
